
Microsoft Visual Studio Solution File, Format Version 12.00
# Visual Studio Version 16
VisualStudioVersion = 16.0.31205.134
MinimumVisualStudioVersion = 10.0.40219.1
Project("{F184B08F-C81C-45F6-A57F-5ABD9991F28F}") = "Proy_Final_Herr", "Proy_Final_Herr.vbproj", "{4B5E0104-96BC-4242-979F-4107656A31FE}"
EndProject
Global
	GlobalSection(SolutionConfigurationPlatforms) = preSolution
		Debug|Any CPU = Debug|Any CPU
		Release|Any CPU = Release|Any CPU
	EndGlobalSection
	GlobalSection(ProjectConfigurationPlatforms) = postSolution
		{4B5E0104-96BC-4242-979F-4107656A31FE}.Debug|Any CPU.ActiveCfg = Debug|Any CPU
		{4B5E0104-96BC-4242-979F-4107656A31FE}.Debug|Any CPU.Build.0 = Debug|Any CPU
		{4B5E0104-96BC-4242-979F-4107656A31FE}.Release|Any CPU.ActiveCfg = Release|Any CPU
		{4B5E0104-96BC-4242-979F-4107656A31FE}.Release|Any CPU.Build.0 = Release|Any CPU
	EndGlobalSection
	GlobalSection(SolutionProperties) = preSolution
		HideSolutionNode = FALSE
	EndGlobalSection
	GlobalSection(ExtensibilityGlobals) = postSolution
		SolutionGuid = {356D6BED-0F5E-4BD8-819D-219944531CE1}
	EndGlobalSection
EndGlobal
